dependencies:
- name: common
  repository: file://../common
  version: 2.31.6
- name: magic-gateway
  repository: file://./charts/magic-gateway
  version: 0.0.5
- name: sandbox-gateway
  repository: file://./charts/sandbox-gateway
  version: 0.0.5
- name: super-magic
  repository: file://./charts/super-magic
  version: 0.0.2
digest: sha256:1efe69f0bf60014dabd47e28fab7535d313705985fa8d0ffbdffd1cbd5e4664c
generated: "2026-05-18T19:19:33.82003+08:00"
